
Microsoft Visual Studio Solution File, Format Version 12.00
# Visual Studio Version 17
VisualStudioVersion = 17.4.33122.133
MinimumVisualStudioVersion = 10.0.40219.1
Project("{9A19103F-16F7-4668-BE54-9A1E7A4F7556}") = "Service.WebApi", "Controle.Sales.API\Service.WebApi.csproj", "{45CB4F9A-7432-4EB1-9B27-4AB541770B49}"
EndProject
Project("{9A19103F-16F7-4668-BE54-9A1E7A4F7556}") = "Application.App", "Controle.Sales.Application\Application.App.csproj", "{0B7597D3-0DE2-483B-A7AD-D6A80DCBA4DC}"
EndProject
Project("{9A19103F-16F7-4668-BE54-9A1E7A4F7556}") = "Domain", "Controle.Sales.Domain\Domain.csproj", "{C5168E1F-7E46-4C33-9512-5657D8CA2AF9}"
EndProject
Project("{9A19103F-16F7-4668-BE54-9A1E7A4F7556}") = "Tests", "Controle.Sales.Tests\Tests.csproj", "{6719B985-74FD-4C9B-B63A-634B43C9D81E}"
EndProject
Project("{9A19103F-16F7-4668-BE54-9A1E7A4F7556}") = "Infra.Cross", "Controle.Sales.Infra.Crosscuting\Infra.Cross.csproj", "{20559498-ED7F-4549-9CFD-BFD1667A5F42}"
EndProject
Project("{9A19103F-16F7-4668-BE54-9A1E7A4F7556}") = "Infra.Data", "Controle.Sales.Infra.Data\Infra.Data.csproj", "{52405E9C-BC92-4B6C-B907-EB16A4A6E1A3}"
EndProject
Project("{9A19103F-16F7-4668-BE54-9A1E7A4F7556}") = "Infra.Ioc", "Controle.Sales.Infra.Ioc\Infra.Ioc.csproj", "{9EC43598-02BA-4860-B84D-0F2331C17A34}"
EndProject
Global
	GlobalSection(SolutionConfigurationPlatforms) = preSolution
		Debug|Any CPU = Debug|Any CPU
		Release|Any CPU = Release|Any CPU
	EndGlobalSection
	GlobalSection(ProjectConfigurationPlatforms) = postSolution
		{45CB4F9A-7432-4EB1-9B27-4AB541770B49}.Debug|Any CPU.ActiveCfg = Debug|Any CPU
		{45CB4F9A-7432-4EB1-9B27-4AB541770B49}.Debug|Any CPU.Build.0 = Debug|Any CPU
		{45CB4F9A-7432-4EB1-9B27-4AB541770B49}.Release|Any CPU.ActiveCfg = Release|Any CPU
		{45CB4F9A-7432-4EB1-9B27-4AB541770B49}.Release|Any CPU.Build.0 = Release|Any CPU
		{0B7597D3-0DE2-483B-A7AD-D6A80DCBA4DC}.Debug|Any CPU.ActiveCfg = Debug|Any CPU
		{0B7597D3-0DE2-483B-A7AD-D6A80DCBA4DC}.Debug|Any CPU.Build.0 = Debug|Any CPU
		{0B7597D3-0DE2-483B-A7AD-D6A80DCBA4DC}.Release|Any CPU.ActiveCfg = Release|Any CPU
		{0B7597D3-0DE2-483B-A7AD-D6A80DCBA4DC}.Release|Any CPU.Build.0 = Release|Any CPU
		{C5168E1F-7E46-4C33-9512-5657D8CA2AF9}.Debug|Any CPU.ActiveCfg = Debug|Any CPU
		{C5168E1F-7E46-4C33-9512-5657D8CA2AF9}.Debug|Any CPU.Build.0 = Debug|Any CPU
		{C5168E1F-7E46-4C33-9512-5657D8CA2AF9}.Release|Any CPU.ActiveCfg = Release|Any CPU
		{C5168E1F-7E46-4C33-9512-5657D8CA2AF9}.Release|Any CPU.Build.0 = Release|Any CPU
		{6719B985-74FD-4C9B-B63A-634B43C9D81E}.Debug|Any CPU.ActiveCfg = Debug|Any CPU
		{6719B985-74FD-4C9B-B63A-634B43C9D81E}.Debug|Any CPU.Build.0 = Debug|Any CPU
		{6719B985-74FD-4C9B-B63A-634B43C9D81E}.Release|Any CPU.ActiveCfg = Release|Any CPU
		{6719B985-74FD-4C9B-B63A-634B43C9D81E}.Release|Any CPU.Build.0 = Release|Any CPU
		{20559498-ED7F-4549-9CFD-BFD1667A5F42}.Debug|Any CPU.ActiveCfg = Debug|Any CPU
		{20559498-ED7F-4549-9CFD-BFD1667A5F42}.Debug|Any CPU.Build.0 = Debug|Any CPU
		{20559498-ED7F-4549-9CFD-BFD1667A5F42}.Release|Any CPU.ActiveCfg = Release|Any CPU
		{20559498-ED7F-4549-9CFD-BFD1667A5F42}.Release|Any CPU.Build.0 = Release|Any CPU
		{52405E9C-BC92-4B6C-B907-EB16A4A6E1A3}.Debug|Any CPU.ActiveCfg = Debug|Any CPU
		{52405E9C-BC92-4B6C-B907-EB16A4A6E1A3}.Debug|Any CPU.Build.0 = Debug|Any CPU
		{52405E9C-BC92-4B6C-B907-EB16A4A6E1A3}.Release|Any CPU.ActiveCfg = Release|Any CPU
		{52405E9C-BC92-4B6C-B907-EB16A4A6E1A3}.Release|Any CPU.Build.0 = Release|Any CPU
		{9EC43598-02BA-4860-B84D-0F2331C17A34}.Debug|Any CPU.ActiveCfg = Debug|Any CPU
		{9EC43598-02BA-4860-B84D-0F2331C17A34}.Debug|Any CPU.Build.0 = Debug|Any CPU
		{9EC43598-02BA-4860-B84D-0F2331C17A34}.Release|Any CPU.ActiveCfg = Release|Any CPU
		{9EC43598-02BA-4860-B84D-0F2331C17A34}.Release|Any CPU.Build.0 = Release|Any CPU
	EndGlobalSection
	GlobalSection(SolutionProperties) = preSolution
		HideSolutionNode = FALSE
	EndGlobalSection
	GlobalSection(ExtensibilityGlobals) = postSolution
		SolutionGuid = {2A0233A4-47CC-4A3F-9423-18230F1DAD46}
	EndGlobalSection
EndGlobal
